
Microsoft Visual Studio Solution File, Format Version 12.00
# Visual Studio 15
VisualStudioVersion = 15.0.28010.2050
MinimumVisualStudioVersion = 10.0.40219.1
Project("{9A19103F-16F7-4668-BE54-9A1E7A4F7556}") = "FunApp.Web", "FunApp.Web\FunApp.Web.csproj", "{A24C8522-E438-43AA-9175-6F7A314E5BA8}"
EndProject
Project("{9A19103F-16F7-4668-BE54-9A1E7A4F7556}") = "FunApp.Data", "FunApp.Data\FunApp.Data.csproj", "{398F08CB-BAD5-4705-A273-C7202614BF36}"
EndProject
Project("{9A19103F-16F7-4668-BE54-9A1E7A4F7556}") = "FunApp.Models", "FunApp.Models\FunApp.Models.csproj", "{D7CFE656-9390-4447-9765-1486C4C31AE9}"
EndProject
Project("{9A19103F-16F7-4668-BE54-9A1E7A4F7556}") = "Sandbox", "Sandbox\Sandbox.csproj", "{8AF3D66F-126C-41CF-9C36-1C1F84385D35}"
EndProject
Project("{9A19103F-16F7-4668-BE54-9A1E7A4F7556}") = "FunApp.Common", "FunApp.Common\FunApp.Common.csproj", "{112BC886-3F13-4F78-BAAF-BADA95FC20E3}"
EndProject
Project("{9A19103F-16F7-4668-BE54-9A1E7A4F7556}") = "FunApp.Services", "FunApp.Services\FunApp.Services.csproj", "{9D4071AA-3355-4F1F-AE98-BC8D462BB104}"
EndProject
Project("{9A19103F-16F7-4668-BE54-9A1E7A4F7556}") = "FunApp.Services.Models", "FunApp.Services.Models\FunApp.Services.Models.csproj", "{B4B1DBBA-D594-4B6C-B801-0804AF78A018}"
EndProject
Project("{9A19103F-16F7-4668-BE54-9A1E7A4F7556}") = "FunApp.Services.Mapping", "FunApp.Services.Mapping\FunApp.Services.Mapping.csproj", "{BFF3F141-06CB-4E3C-94B6-9DC34C774892}"
EndProject
Project("{2150E333-8FDC-42A3-9474-1A3956D46DE8}") = "Tests", "Tests", "{3B001893-13A6-4B18-8D21-6ED0990BC3AC}"
EndProject
Project("{FAE04EC0-301F-11D3-BF4B-00C04F79EFBC}") = "FunApp.Services.Tests", "FunApp.Services.Tests\FunApp.Services.Tests.csproj", "{6E446AEF-E263-4FAE-9851-B5EFBB6EB614}"
EndProject
Global
	GlobalSection(SolutionConfigurationPlatforms) = preSolution
		Debug|Any CPU = Debug|Any CPU
		Release|Any CPU = Release|Any CPU
	EndGlobalSection
	GlobalSection(ProjectConfigurationPlatforms) = postSolution
		{A24C8522-E438-43AA-9175-6F7A314E5BA8}.Debug|Any CPU.ActiveCfg = Debug|Any CPU
		{A24C8522-E438-43AA-9175-6F7A314E5BA8}.Debug|Any CPU.Build.0 = Debug|Any CPU
		{A24C8522-E438-43AA-9175-6F7A314E5BA8}.Release|Any CPU.ActiveCfg = Release|Any CPU
		{A24C8522-E438-43AA-9175-6F7A314E5BA8}.Release|Any CPU.Build.0 = Release|Any CPU
		{398F08CB-BAD5-4705-A273-C7202614BF36}.Debug|Any CPU.ActiveCfg = Debug|Any CPU
		{398F08CB-BAD5-4705-A273-C7202614BF36}.Debug|Any CPU.Build.0 = Debug|Any CPU
		{398F08CB-BAD5-4705-A273-C7202614BF36}.Release|Any CPU.ActiveCfg = Release|Any CPU
		{398F08CB-BAD5-4705-A273-C7202614BF36}.Release|Any CPU.Build.0 = Release|Any CPU
		{D7CFE656-9390-4447-9765-1486C4C31AE9}.Debug|Any CPU.ActiveCfg = Debug|Any CPU
		{D7CFE656-9390-4447-9765-1486C4C31AE9}.Debug|Any CPU.Build.0 = Debug|Any CPU
		{D7CFE656-9390-4447-9765-1486C4C31AE9}.Release|Any CPU.ActiveCfg = Release|Any CPU
		{D7CFE656-9390-4447-9765-1486C4C31AE9}.Release|Any CPU.Build.0 = Release|Any CPU
		{8AF3D66F-126C-41CF-9C36-1C1F84385D35}.Debug|Any CPU.ActiveCfg = Debug|Any CPU
		{8AF3D66F-126C-41CF-9C36-1C1F84385D35}.Debug|Any CPU.Build.0 = Debug|Any CPU
		{8AF3D66F-126C-41CF-9C36-1C1F84385D35}.Release|Any CPU.ActiveCfg = Release|Any CPU
		{8AF3D66F-126C-41CF-9C36-1C1F84385D35}.Release|Any CPU.Build.0 = Release|Any CPU
		{112BC886-3F13-4F78-BAAF-BADA95FC20E3}.Debug|Any CPU.ActiveCfg = Debug|Any CPU
		{112BC886-3F13-4F78-BAAF-BADA95FC20E3}.Debug|Any CPU.Build.0 = Debug|Any CPU
		{112BC886-3F13-4F78-BAAF-BADA95FC20E3}.Release|Any CPU.ActiveCfg = Release|Any CPU
		{112BC886-3F13-4F78-BAAF-BADA95FC20E3}.Release|Any CPU.Build.0 = Release|Any CPU
		{9D4071AA-3355-4F1F-AE98-BC8D462BB104}.Debug|Any CPU.ActiveCfg = Debug|Any CPU
		{9D4071AA-3355-4F1F-AE98-BC8D462BB104}.Debug|Any CPU.Build.0 = Debug|Any CPU
		{9D4071AA-3355-4F1F-AE98-BC8D462BB104}.Release|Any CPU.ActiveCfg = Release|Any CPU
		{9D4071AA-3355-4F1F-AE98-BC8D462BB104}.Release|Any CPU.Build.0 = Release|Any CPU
		{B4B1DBBA-D594-4B6C-B801-0804AF78A018}.Debug|Any CPU.ActiveCfg = Debug|Any CPU
		{B4B1DBBA-D594-4B6C-B801-0804AF78A018}.Debug|Any CPU.Build.0 = Debug|Any CPU
		{B4B1DBBA-D594-4B6C-B801-0804AF78A018}.Release|Any CPU.ActiveCfg = Release|Any CPU
		{B4B1DBBA-D594-4B6C-B801-0804AF78A018}.Release|Any CPU.Build.0 = Release|Any CPU
		{BFF3F141-06CB-4E3C-94B6-9DC34C774892}.Debug|Any CPU.ActiveCfg = Debug|Any CPU
		{BFF3F141-06CB-4E3C-94B6-9DC34C774892}.Debug|Any CPU.Build.0 = Debug|Any CPU
		{BFF3F141-06CB-4E3C-94B6-9DC34C774892}.Release|Any CPU.ActiveCfg = Release|Any CPU
		{BFF3F141-06CB-4E3C-94B6-9DC34C774892}.Release|Any CPU.Build.0 = Release|Any CPU
		{6E446AEF-E263-4FAE-9851-B5EFBB6EB614}.Debug|Any CPU.ActiveCfg = Debug|Any CPU
		{6E446AEF-E263-4FAE-9851-B5EFBB6EB614}.Debug|Any CPU.Build.0 = Debug|Any CPU
		{6E446AEF-E263-4FAE-9851-B5EFBB6EB614}.Release|Any CPU.ActiveCfg = Release|Any CPU
		{6E446AEF-E263-4FAE-9851-B5EFBB6EB614}.Release|Any CPU.Build.0 = Release|Any CPU
	EndGlobalSection
	GlobalSection(SolutionProperties) = preSolution
		HideSolutionNode = FALSE
	EndGlobalSection
	GlobalSection(NestedProjects) = preSolution
		{6E446AEF-E263-4FAE-9851-B5EFBB6EB614} = {3B001893-13A6-4B18-8D21-6ED0990BC3AC}
	EndGlobalSection
	GlobalSection(ExtensibilityGlobals) = postSolution
		SolutionGuid = {1DB00A2C-DA62-4FC3-AA4D-F017F5C23A93}
	EndGlobalSection
EndGlobal
